
Microsoft Visual Studio Solution File, Format Version 12.00
# Visual Studio Version 17
VisualStudioVersion = 17.10.35013.160
MinimumVisualStudioVersion = 10.0.40219.1
Project("{F184B08F-C81C-45F6-A57F-5ABD9991F28F}") = "Form1", "Form1\Form1.vbproj", "{E80F549C-B72A-402A-BE03-EB88945F88A7}"
EndProject
Project("{54435603-DBB4-11D2-8724-00A0C9A8B90C}") = "Password", "..\Password\Password.vdproj", "{B67C2495-2724-4D0C-A5E6-357811E9E852}"
EndProject
Global
	GlobalSection(SolutionConfigurationPlatforms) = preSolution
		Debug|Any CPU = Debug|Any CPU
		Release|Any CPU = Release|Any CPU
	EndGlobalSection
	GlobalSection(ProjectConfigurationPlatforms) = postSolution
		{E80F549C-B72A-402A-BE03-EB88945F88A7}.Debug|Any CPU.ActiveCfg = Debug|Any CPU
		{E80F549C-B72A-402A-BE03-EB88945F88A7}.Debug|Any CPU.Build.0 = Debug|Any CPU
		{E80F549C-B72A-402A-BE03-EB88945F88A7}.Release|Any CPU.ActiveCfg = Release|Any CPU
		{E80F549C-B72A-402A-BE03-EB88945F88A7}.Release|Any CPU.Build.0 = Release|Any CPU
		{B67C2495-2724-4D0C-A5E6-357811E9E852}.Debug|Any CPU.ActiveCfg = Debug
		{B67C2495-2724-4D0C-A5E6-357811E9E852}.Release|Any CPU.ActiveCfg = Release
	EndGlobalSection
	GlobalSection(SolutionProperties) = preSolution
		HideSolutionNode = FALSE
	EndGlobalSection
	GlobalSection(ExtensibilityGlobals) = postSolution
		SolutionGuid = {4CCA10B1-EB6D-4D8A-B1DE-6366410D554C}
	EndGlobalSection
EndGlobal
